
Microsoft Visual Studio Solution File, Format Version 12.00
# Visual Studio Version 16
VisualStudioVersion = 16.0.31129.286
MinimumVisualStudioVersion = 10.0.40219.1
Project("{2150E333-8FDC-42A3-9474-1A3956D46DE8}") = "Tinke_modified", "Tinke_modified", "{8859FD5C-6C98-41F2-B50E-20850AC16940}"
EndProject
Project("{FAE04EC0-301F-11D3-BF4B-00C04F79EFBC}") = "Tinke", "Tinke_modified\Tinke\Tinke.csproj", "{0C21698B-0FC4-48E8-90FD-0DA70BFE9BB8}"
EndProject
Project("{FAE04EC0-301F-11D3-BF4B-00C04F79EFBC}") = "Ekona", "Tinke_modified\Ekona\Ekona.csproj", "{736010D3-F72F-4C56-B8D2-2EDD1B8F3A87}"
EndProject
Project("{FAE04EC0-301F-11D3-BF4B-00C04F79EFBC}") = "Be.Windows.Forms.HexBox", "Tinke_modified\Be.Windows.Forms.HexBox\Be.Windows.Forms.HexBox.csproj", "{26C5F25F-B450-4CAF-AD8B-B8D11AE73457}"
EndProject
Project("{FAE04EC0-301F-11D3-BF4B-00C04F79EFBC}") = "3DModels", "Tinke_modified\3DModels\3DModels\3DModels.csproj", "{F1D2D743-A3E3-4B8C-B3A7-28E55607C77A}"
EndProject
Project("{FAE04EC0-301F-11D3-BF4B-00C04F79EFBC}") = "DSDecmp", "Tinke_modified\DSDecmp\DSDecmp\DSDecmp.csproj", "{E6F419F9-D6B5-4BE7-99BB-97C48C927FF3}"
EndProject
Project("{FAE04EC0-301F-11D3-BF4B-00C04F79EFBC}") = "Pack", "Tinke_modified\Pack\Pack\Pack.csproj", "{FDAA874B-2A21-46B1-9C21-78D116AE2BE7}"
EndProject
Project("{FAE04EC0-301F-11D3-BF4B-00C04F79EFBC}") = "AssetExtractor", "AssetExtractor\AssetExtractor.csproj", "{44228A1D-1334-4D96-91C0-B10466FC2B40}"
EndProject
Project("{FAE04EC0-301F-11D3-BF4B-00C04F79EFBC}") = "PocketEngine", "PocketEngine\PocketEngine.csproj", "{1DDC9A8F-6D0F-4B7F-BFD6-D851D9E3E21D}"
EndProject
Project("{FAE04EC0-301F-11D3-BF4B-00C04F79EFBC}") = "Gen4Assets", "Gen4Assets\Gen4Assets.csproj", "{6946F7A0-D327-40B8-8762-DF5D5E9EBD4C}"
EndProject
Project("{FAE04EC0-301F-11D3-BF4B-00C04F79EFBC}") = "MapGenerator", "MapGenerator\MapGenerator.csproj", "{0F5DDAF6-4255-4482-BD6F-03445558293E}"
EndProject
Project("{FAE04EC0-301F-11D3-BF4B-00C04F79EFBC}") = "MapData", "MapData\MapData.csproj", "{CA2F7134-F46B-4810-9CA0-0EAB165791E7}"
EndProject
Project("{FAE04EC0-301F-11D3-BF4B-00C04F79EFBC}") = "MapGameplay", "MapGameplay\MapGameplay.csproj", "{AE53C81A-B9FC-40D4-B3BB-1F0CA597D2D4}"
EndProject
Project("{FAE04EC0-301F-11D3-BF4B-00C04F79EFBC}") = "MapEngine", "MapEngine\MapEngine.csproj", "{EAD5B813-A572-483E-980F-75A3F486DA91}"
EndProject
Project("{FAE04EC0-301F-11D3-BF4B-00C04F79EFBC}") = "GameplaySwitch", "GameplaySwitch\GameplaySwitch.csproj", "{3A1C1DD8-E784-4D78-A53E-7D603E69AC95}"
EndProject
Project("{FAE04EC0-301F-11D3-BF4B-00C04F79EFBC}") = "MonsterData", "MonsterData\MonsterData.csproj", "{89B213BE-4B34-4B29-BC39-1303F77C3705}"
EndProject
Project("{FAE04EC0-301F-11D3-BF4B-00C04F79EFBC}") = "MonsterBattle", "MonsterBattle\MonsterBattle.csproj", "{D6CD47CB-4F91-4C70-A92F-D26EF636C5E8}"
EndProject
Project("{FAE04EC0-301F-11D3-BF4B-00C04F79EFBC}") = "Images", "Tinke_modified\Images\Images.csproj", "{8BB5DA4B-5B71-4993-8941-4F38D4E6C81B}"
EndProject
Project("{FAE04EC0-301F-11D3-BF4B-00C04F79EFBC}") = "PaletteComparer", "PaletteComparer\PaletteComparer.csproj", "{14ECBD83-5B9F-42AB-AC46-9B08590532DF}"
EndProject
Project("{FAE04EC0-301F-11D3-BF4B-00C04F79EFBC}") = "Fonts", "Tinke_modified\Fonts\Fonts\Fonts.csproj", "{C0153427-BCCE-4CD1-887C-47B140B9B317}"
EndProject
Project("{FAE04EC0-301F-11D3-BF4B-00C04F79EFBC}") = "GuiEngine", "GuiEngine\GuiEngine.csproj", "{B64D7EC8-7035-46F9-9A33-C4697AE120A4}"
EndProject
Project("{FAE04EC0-301F-11D3-BF4B-00C04F79EFBC}") = "GuiDesign", "GuiDesign\GuiDesign.csproj", "{4FAB5F76-F825-4E33-B6F0-092BC948A471}"
EndProject
Global
	GlobalSection(SolutionConfigurationPlatforms) = preSolution
		Debug|Any CPU = Debug|Any CPU
		Debug|x64 = Debug|x64
		Debug|x86 = Debug|x86
		Release|Any CPU = Release|Any CPU
		Release|x64 = Release|x64
		Release|x86 = Release|x86
	EndGlobalSection
	GlobalSection(ProjectConfigurationPlatforms) = postSolution
		{0C21698B-0FC4-48E8-90FD-0DA70BFE9BB8}.Debug|Any CPU.ActiveCfg = Debug|Any CPU
		{0C21698B-0FC4-48E8-90FD-0DA70BFE9BB8}.Debug|Any CPU.Build.0 = Debug|Any CPU
		{0C21698B-0FC4-48E8-90FD-0DA70BFE9BB8}.Debug|x64.ActiveCfg = Debug|x64
		{0C21698B-0FC4-48E8-90FD-0DA70BFE9BB8}.Debug|x64.Build.0 = Debug|x64
		{0C21698B-0FC4-48E8-90FD-0DA70BFE9BB8}.Debug|x86.ActiveCfg = Debug|x86
		{0C21698B-0FC4-48E8-90FD-0DA70BFE9BB8}.Debug|x86.Build.0 = Debug|x86
		{0C21698B-0FC4-48E8-90FD-0DA70BFE9BB8}.Release|Any CPU.ActiveCfg = Release|Any CPU
		{0C21698B-0FC4-48E8-90FD-0DA70BFE9BB8}.Release|Any CPU.Build.0 = Release|Any CPU
		{0C21698B-0FC4-48E8-90FD-0DA70BFE9BB8}.Release|x64.ActiveCfg = Release|x64
		{0C21698B-0FC4-48E8-90FD-0DA70BFE9BB8}.Release|x64.Build.0 = Release|x64
		{0C21698B-0FC4-48E8-90FD-0DA70BFE9BB8}.Release|x86.ActiveCfg = Release|x86
		{0C21698B-0FC4-48E8-90FD-0DA70BFE9BB8}.Release|x86.Build.0 = Release|x86
		{736010D3-F72F-4C56-B8D2-2EDD1B8F3A87}.Debug|Any CPU.ActiveCfg = Debug|Any CPU
		{736010D3-F72F-4C56-B8D2-2EDD1B8F3A87}.Debug|Any CPU.Build.0 = Debug|Any CPU
		{736010D3-F72F-4C56-B8D2-2EDD1B8F3A87}.Debug|x64.ActiveCfg = Debug|Any CPU
		{736010D3-F72F-4C56-B8D2-2EDD1B8F3A87}.Debug|x64.Build.0 = Debug|Any CPU
		{736010D3-F72F-4C56-B8D2-2EDD1B8F3A87}.Debug|x86.ActiveCfg = Debug|Any CPU
		{736010D3-F72F-4C56-B8D2-2EDD1B8F3A87}.Debug|x86.Build.0 = Debug|Any CPU
		{736010D3-F72F-4C56-B8D2-2EDD1B8F3A87}.Release|Any CPU.ActiveCfg = Release|Any CPU
		{736010D3-F72F-4C56-B8D2-2EDD1B8F3A87}.Release|Any CPU.Build.0 = Release|Any CPU
		{736010D3-F72F-4C56-B8D2-2EDD1B8F3A87}.Release|x64.ActiveCfg = Release|Any CPU
		{736010D3-F72F-4C56-B8D2-2EDD1B8F3A87}.Release|x64.Build.0 = Release|Any CPU
		{736010D3-F72F-4C56-B8D2-2EDD1B8F3A87}.Release|x86.ActiveCfg = Release|Any CPU
		{736010D3-F72F-4C56-B8D2-2EDD1B8F3A87}.Release|x86.Build.0 = Release|Any CPU
		{26C5F25F-B450-4CAF-AD8B-B8D11AE73457}.Debug|Any CPU.ActiveCfg = Debug|Any CPU
		{26C5F25F-B450-4CAF-AD8B-B8D11AE73457}.Debug|Any CPU.Build.0 = Debug|Any CPU
		{26C5F25F-B450-4CAF-AD8B-B8D11AE73457}.Debug|x64.ActiveCfg = Debug|Any CPU
		{26C5F25F-B450-4CAF-AD8B-B8D11AE73457}.Debug|x64.Build.0 = Debug|Any CPU
		{26C5F25F-B450-4CAF-AD8B-B8D11AE73457}.Debug|x86.ActiveCfg = Debug|Any CPU
		{26C5F25F-B450-4CAF-AD8B-B8D11AE73457}.Debug|x86.Build.0 = Debug|Any CPU
		{26C5F25F-B450-4CAF-AD8B-B8D11AE73457}.Release|Any CPU.ActiveCfg = Release|Any CPU
		{26C5F25F-B450-4CAF-AD8B-B8D11AE73457}.Release|Any CPU.Build.0 = Release|Any CPU
		{26C5F25F-B450-4CAF-AD8B-B8D11AE73457}.Release|x64.ActiveCfg = Release|Any CPU
		{26C5F25F-B450-4CAF-AD8B-B8D11AE73457}.Release|x64.Build.0 = Release|Any CPU
		{26C5F25F-B450-4CAF-AD8B-B8D11AE73457}.Release|x86.ActiveCfg = Release|Any CPU
		{26C5F25F-B450-4CAF-AD8B-B8D11AE73457}.Release|x86.Build.0 = Release|Any CPU
		{F1D2D743-A3E3-4B8C-B3A7-28E55607C77A}.Debug|Any CPU.ActiveCfg = Debug|Any CPU
		{F1D2D743-A3E3-4B8C-B3A7-28E55607C77A}.Debug|Any CPU.Build.0 = Debug|Any CPU
		{F1D2D743-A3E3-4B8C-B3A7-28E55607C77A}.Debug|x64.ActiveCfg = Debug|Any CPU
		{F1D2D743-A3E3-4B8C-B3A7-28E55607C77A}.Debug|x64.Build.0 = Debug|Any CPU
		{F1D2D743-A3E3-4B8C-B3A7-28E55607C77A}.Debug|x86.ActiveCfg = Debug|Any CPU
		{F1D2D743-A3E3-4B8C-B3A7-28E55607C77A}.Debug|x86.Build.0 = Debug|Any CPU
		{F1D2D743-A3E3-4B8C-B3A7-28E55607C77A}.Release|Any CPU.ActiveCfg = Release|Any CPU
		{F1D2D743-A3E3-4B8C-B3A7-28E55607C77A}.Release|Any CPU.Build.0 = Release|Any CPU
		{F1D2D743-A3E3-4B8C-B3A7-28E55607C77A}.Release|x64.ActiveCfg = Release|Any CPU
		{F1D2D743-A3E3-4B8C-B3A7-28E55607C77A}.Release|x64.Build.0 = Release|Any CPU
		{F1D2D743-A3E3-4B8C-B3A7-28E55607C77A}.Release|x86.ActiveCfg = Release|Any CPU
		{F1D2D743-A3E3-4B8C-B3A7-28E55607C77A}.Release|x86.Build.0 = Release|Any CPU
		{E6F419F9-D6B5-4BE7-99BB-97C48C927FF3}.Debug|Any CPU.ActiveCfg = Debug|Any CPU
		{E6F419F9-D6B5-4BE7-99BB-97C48C927FF3}.Debug|Any CPU.Build.0 = Debug|Any CPU
		{E6F419F9-D6B5-4BE7-99BB-97C48C927FF3}.Debug|x64.ActiveCfg = Debug|Any CPU
		{E6F419F9-D6B5-4BE7-99BB-97C48C927FF3}.Debug|x64.Build.0 = Debug|Any CPU
		{E6F419F9-D6B5-4BE7-99BB-97C48C927FF3}.Debug|x86.ActiveCfg = Debug|Any CPU
		{E6F419F9-D6B5-4BE7-99BB-97C48C927FF3}.Debug|x86.Build.0 = Debug|Any CPU
		{E6F419F9-D6B5-4BE7-99BB-97C48C927FF3}.Release|Any CPU.ActiveCfg = Release|Any CPU
		{E6F419F9-D6B5-4BE7-99BB-97C48C927FF3}.Release|Any CPU.Build.0 = Release|Any CPU
		{E6F419F9-D6B5-4BE7-99BB-97C48C927FF3}.Release|x64.ActiveCfg = Release|Any CPU
		{E6F419F9-D6B5-4BE7-99BB-97C48C927FF3}.Release|x64.Build.0 = Release|Any CPU
		{E6F419F9-D6B5-4BE7-99BB-97C48C927FF3}.Release|x86.ActiveCfg = Release|Any CPU
		{E6F419F9-D6B5-4BE7-99BB-97C48C927FF3}.Release|x86.Build.0 = Release|Any CPU
		{FDAA874B-2A21-46B1-9C21-78D116AE2BE7}.Debug|Any CPU.ActiveCfg = Debug|Any CPU
		{FDAA874B-2A21-46B1-9C21-78D116AE2BE7}.Debug|Any CPU.Build.0 = Debug|Any CPU
		{FDAA874B-2A21-46B1-9C21-78D116AE2BE7}.Debug|x64.ActiveCfg = Debug|Any CPU
		{FDAA874B-2A21-46B1-9C21-78D116AE2BE7}.Debug|x64.Build.0 = Debug|Any CPU
		{FDAA874B-2A21-46B1-9C21-78D116AE2BE7}.Debug|x86.ActiveCfg = Debug|Any CPU
		{FDAA874B-2A21-46B1-9C21-78D116AE2BE7}.Debug|x86.Build.0 = Debug|Any CPU
		{FDAA874B-2A21-46B1-9C21-78D116AE2BE7}.Release|Any CPU.ActiveCfg = Release|Any CPU
		{FDAA874B-2A21-46B1-9C21-78D116AE2BE7}.Release|Any CPU.Build.0 = Release|Any CPU
		{FDAA874B-2A21-46B1-9C21-78D116AE2BE7}.Release|x64.ActiveCfg = Release|Any CPU
		{FDAA874B-2A21-46B1-9C21-78D116AE2BE7}.Release|x64.Build.0 = Release|Any CPU
		{FDAA874B-2A21-46B1-9C21-78D116AE2BE7}.Release|x86.ActiveCfg = Release|Any CPU
		{FDAA874B-2A21-46B1-9C21-78D116AE2BE7}.Release|x86.Build.0 = Release|Any CPU
		{44228A1D-1334-4D96-91C0-B10466FC2B40}.Debug|Any CPU.ActiveCfg = Debug|Any CPU
		{44228A1D-1334-4D96-91C0-B10466FC2B40}.Debug|Any CPU.Build.0 = Debug|Any CPU
		{44228A1D-1334-4D96-91C0-B10466FC2B40}.Debug|x64.ActiveCfg = Debug|Any CPU
		{44228A1D-1334-4D96-91C0-B10466FC2B40}.Debug|x64.Build.0 = Debug|Any CPU
		{44228A1D-1334-4D96-91C0-B10466FC2B40}.Debug|x86.ActiveCfg = Debug|Any CPU
		{44228A1D-1334-4D96-91C0-B10466FC2B40}.Debug|x86.Build.0 = Debug|Any CPU
		{44228A1D-1334-4D96-91C0-B10466FC2B40}.Release|Any CPU.ActiveCfg = Release|Any CPU
		{44228A1D-1334-4D96-91C0-B10466FC2B40}.Release|Any CPU.Build.0 = Release|Any CPU
		{44228A1D-1334-4D96-91C0-B10466FC2B40}.Release|x64.ActiveCfg = Release|Any CPU
		{44228A1D-1334-4D96-91C0-B10466FC2B40}.Release|x64.Build.0 = Release|Any CPU
		{44228A1D-1334-4D96-91C0-B10466FC2B40}.Release|x86.ActiveCfg = Release|Any CPU
		{44228A1D-1334-4D96-91C0-B10466FC2B40}.Release|x86.Build.0 = Release|Any CPU
		{1DDC9A8F-6D0F-4B7F-BFD6-D851D9E3E21D}.Debug|Any CPU.ActiveCfg = Debug|Any CPU
		{1DDC9A8F-6D0F-4B7F-BFD6-D851D9E3E21D}.Debug|Any CPU.Build.0 = Debug|Any CPU
		{1DDC9A8F-6D0F-4B7F-BFD6-D851D9E3E21D}.Debug|x64.ActiveCfg = Debug|Any CPU
		{1DDC9A8F-6D0F-4B7F-BFD6-D851D9E3E21D}.Debug|x64.Build.0 = Debug|Any CPU
		{1DDC9A8F-6D0F-4B7F-BFD6-D851D9E3E21D}.Debug|x86.ActiveCfg = Debug|Any CPU
		{1DDC9A8F-6D0F-4B7F-BFD6-D851D9E3E21D}.Debug|x86.Build.0 = Debug|Any CPU
		{1DDC9A8F-6D0F-4B7F-BFD6-D851D9E3E21D}.Release|Any CPU.ActiveCfg = Release|Any CPU
		{1DDC9A8F-6D0F-4B7F-BFD6-D851D9E3E21D}.Release|Any CPU.Build.0 = Release|Any CPU
		{1DDC9A8F-6D0F-4B7F-BFD6-D851D9E3E21D}.Release|x64.ActiveCfg = Release|Any CPU
		{1DDC9A8F-6D0F-4B7F-BFD6-D851D9E3E21D}.Release|x64.Build.0 = Release|Any CPU
		{1DDC9A8F-6D0F-4B7F-BFD6-D851D9E3E21D}.Release|x86.ActiveCfg = Release|Any CPU
		{1DDC9A8F-6D0F-4B7F-BFD6-D851D9E3E21D}.Release|x86.Build.0 = Release|Any CPU
		{6946F7A0-D327-40B8-8762-DF5D5E9EBD4C}.Debug|Any CPU.ActiveCfg = Debug|Any CPU
		{6946F7A0-D327-40B8-8762-DF5D5E9EBD4C}.Debug|Any CPU.Build.0 = Debug|Any CPU
		{6946F7A0-D327-40B8-8762-DF5D5E9EBD4C}.Debug|x64.ActiveCfg = Debug|Any CPU
		{6946F7A0-D327-40B8-8762-DF5D5E9EBD4C}.Debug|x64.Build.0 = Debug|Any CPU
		{6946F7A0-D327-40B8-8762-DF5D5E9EBD4C}.Debug|x86.ActiveCfg = Debug|Any CPU
		{6946F7A0-D327-40B8-8762-DF5D5E9EBD4C}.Debug|x86.Build.0 = Debug|Any CPU
		{6946F7A0-D327-40B8-8762-DF5D5E9EBD4C}.Release|Any CPU.ActiveCfg = Release|Any CPU
		{6946F7A0-D327-40B8-8762-DF5D5E9EBD4C}.Release|Any CPU.Build.0 = Release|Any CPU
		{6946F7A0-D327-40B8-8762-DF5D5E9EBD4C}.Release|x64.ActiveCfg = Release|Any CPU
		{6946F7A0-D327-40B8-8762-DF5D5E9EBD4C}.Release|x64.Build.0 = Release|Any CPU
		{6946F7A0-D327-40B8-8762-DF5D5E9EBD4C}.Release|x86.ActiveCfg = Release|Any CPU
		{6946F7A0-D327-40B8-8762-DF5D5E9EBD4C}.Release|x86.Build.0 = Release|Any CPU
		{0F5DDAF6-4255-4482-BD6F-03445558293E}.Debug|Any CPU.ActiveCfg = Debug|Any CPU
		{0F5DDAF6-4255-4482-BD6F-03445558293E}.Debug|Any CPU.Build.0 = Debug|Any CPU
		{0F5DDAF6-4255-4482-BD6F-03445558293E}.Debug|x64.ActiveCfg = Debug|Any CPU
		{0F5DDAF6-4255-4482-BD6F-03445558293E}.Debug|x64.Build.0 = Debug|Any CPU
		{0F5DDAF6-4255-4482-BD6F-03445558293E}.Debug|x86.ActiveCfg = Debug|Any CPU
		{0F5DDAF6-4255-4482-BD6F-03445558293E}.Debug|x86.Build.0 = Debug|Any CPU
		{0F5DDAF6-4255-4482-BD6F-03445558293E}.Release|Any CPU.ActiveCfg = Release|Any CPU
		{0F5DDAF6-4255-4482-BD6F-03445558293E}.Release|Any CPU.Build.0 = Release|Any CPU
		{0F5DDAF6-4255-4482-BD6F-03445558293E}.Release|x64.ActiveCfg = Release|Any CPU
		{0F5DDAF6-4255-4482-BD6F-03445558293E}.Release|x64.Build.0 = Release|Any CPU
		{0F5DDAF6-4255-4482-BD6F-03445558293E}.Release|x86.ActiveCfg = Release|Any CPU
		{0F5DDAF6-4255-4482-BD6F-03445558293E}.Release|x86.Build.0 = Release|Any CPU
		{CA2F7134-F46B-4810-9CA0-0EAB165791E7}.Debug|Any CPU.ActiveCfg = Debug|Any CPU
		{CA2F7134-F46B-4810-9CA0-0EAB165791E7}.Debug|Any CPU.Build.0 = Debug|Any CPU
		{CA2F7134-F46B-4810-9CA0-0EAB165791E7}.Debug|x64.ActiveCfg = Debug|Any CPU
		{CA2F7134-F46B-4810-9CA0-0EAB165791E7}.Debug|x64.Build.0 = Debug|Any CPU
		{CA2F7134-F46B-4810-9CA0-0EAB165791E7}.Debug|x86.ActiveCfg = Debug|Any CPU
		{CA2F7134-F46B-4810-9CA0-0EAB165791E7}.Debug|x86.Build.0 = Debug|Any CPU
		{CA2F7134-F46B-4810-9CA0-0EAB165791E7}.Release|Any CPU.ActiveCfg = Release|Any CPU
		{CA2F7134-F46B-4810-9CA0-0EAB165791E7}.Release|Any CPU.Build.0 = Release|Any CPU
		{CA2F7134-F46B-4810-9CA0-0EAB165791E7}.Release|x64.ActiveCfg = Release|Any CPU
		{CA2F7134-F46B-4810-9CA0-0EAB165791E7}.Release|x64.Build.0 = Release|Any CPU
		{CA2F7134-F46B-4810-9CA0-0EAB165791E7}.Release|x86.ActiveCfg = Release|Any CPU
		{CA2F7134-F46B-4810-9CA0-0EAB165791E7}.Release|x86.Build.0 = Release|Any CPU
		{AE53C81A-B9FC-40D4-B3BB-1F0CA597D2D4}.Debug|Any CPU.ActiveCfg = Debug|Any CPU
		{AE53C81A-B9FC-40D4-B3BB-1F0CA597D2D4}.Debug|Any CPU.Build.0 = Debug|Any CPU
		{AE53C81A-B9FC-40D4-B3BB-1F0CA597D2D4}.Debug|x64.ActiveCfg = Debug|Any CPU
		{AE53C81A-B9FC-40D4-B3BB-1F0CA597D2D4}.Debug|x64.Build.0 = Debug|Any CPU
		{AE53C81A-B9FC-40D4-B3BB-1F0CA597D2D4}.Debug|x86.ActiveCfg = Debug|Any CPU
		{AE53C81A-B9FC-40D4-B3BB-1F0CA597D2D4}.Debug|x86.Build.0 = Debug|Any CPU
		{AE53C81A-B9FC-40D4-B3BB-1F0CA597D2D4}.Release|Any CPU.ActiveCfg = Release|Any CPU
		{AE53C81A-B9FC-40D4-B3BB-1F0CA597D2D4}.Release|Any CPU.Build.0 = Release|Any CPU
		{AE53C81A-B9FC-40D4-B3BB-1F0CA597D2D4}.Release|x64.ActiveCfg = Release|Any CPU
		{AE53C81A-B9FC-40D4-B3BB-1F0CA597D2D4}.Release|x64.Build.0 = Release|Any CPU
		{AE53C81A-B9FC-40D4-B3BB-1F0CA597D2D4}.Release|x86.ActiveCfg = Release|Any CPU
		{AE53C81A-B9FC-40D4-B3BB-1F0CA597D2D4}.Release|x86.Build.0 = Release|Any CPU
		{EAD5B813-A572-483E-980F-75A3F486DA91}.Debug|Any CPU.ActiveCfg = Debug|Any CPU
		{EAD5B813-A572-483E-980F-75A3F486DA91}.Debug|Any CPU.Build.0 = Debug|Any CPU
		{EAD5B813-A572-483E-980F-75A3F486DA91}.Debug|x64.ActiveCfg = Debug|Any CPU
		{EAD5B813-A572-483E-980F-75A3F486DA91}.Debug|x64.Build.0 = Debug|Any CPU
		{EAD5B813-A572-483E-980F-75A3F486DA91}.Debug|x86.ActiveCfg = Debug|Any CPU
		{EAD5B813-A572-483E-980F-75A3F486DA91}.Debug|x86.Build.0 = Debug|Any CPU
		{EAD5B813-A572-483E-980F-75A3F486DA91}.Release|Any CPU.ActiveCfg = Release|Any CPU
		{EAD5B813-A572-483E-980F-75A3F486DA91}.Release|Any CPU.Build.0 = Release|Any CPU
		{EAD5B813-A572-483E-980F-75A3F486DA91}.Release|x64.ActiveCfg = Release|Any CPU
		{EAD5B813-A572-483E-980F-75A3F486DA91}.Release|x64.Build.0 = Release|Any CPU
		{EAD5B813-A572-483E-980F-75A3F486DA91}.Release|x86.ActiveCfg = Release|Any CPU
		{EAD5B813-A572-483E-980F-75A3F486DA91}.Release|x86.Build.0 = Release|Any CPU
		{3A1C1DD8-E784-4D78-A53E-7D603E69AC95}.Debug|Any CPU.ActiveCfg = Debug|Any CPU
		{3A1C1DD8-E784-4D78-A53E-7D603E69AC95}.Debug|Any CPU.Build.0 = Debug|Any CPU
		{3A1C1DD8-E784-4D78-A53E-7D603E69AC95}.Debug|x64.ActiveCfg = Debug|Any CPU
		{3A1C1DD8-E784-4D78-A53E-7D603E69AC95}.Debug|x64.Build.0 = Debug|Any CPU
		{3A1C1DD8-E784-4D78-A53E-7D603E69AC95}.Debug|x86.ActiveCfg = Debug|Any CPU
		{3A1C1DD8-E784-4D78-A53E-7D603E69AC95}.Debug|x86.Build.0 = Debug|Any CPU
		{3A1C1DD8-E784-4D78-A53E-7D603E69AC95}.Release|Any CPU.ActiveCfg = Release|Any CPU
		{3A1C1DD8-E784-4D78-A53E-7D603E69AC95}.Release|Any CPU.Build.0 = Release|Any CPU
		{3A1C1DD8-E784-4D78-A53E-7D603E69AC95}.Release|x64.ActiveCfg = Release|Any CPU
		{3A1C1DD8-E784-4D78-A53E-7D603E69AC95}.Release|x64.Build.0 = Release|Any CPU
		{3A1C1DD8-E784-4D78-A53E-7D603E69AC95}.Release|x86.ActiveCfg = Release|Any CPU
		{3A1C1DD8-E784-4D78-A53E-7D603E69AC95}.Release|x86.Build.0 = Release|Any CPU
		{89B213BE-4B34-4B29-BC39-1303F77C3705}.Debug|Any CPU.ActiveCfg = Debug|Any CPU
		{89B213BE-4B34-4B29-BC39-1303F77C3705}.Debug|Any CPU.Build.0 = Debug|Any CPU
		{89B213BE-4B34-4B29-BC39-1303F77C3705}.Debug|x64.ActiveCfg = Debug|Any CPU
		{89B213BE-4B34-4B29-BC39-1303F77C3705}.Debug|x64.Build.0 = Debug|Any CPU
		{89B213BE-4B34-4B29-BC39-1303F77C3705}.Debug|x86.ActiveCfg = Debug|Any CPU
		{89B213BE-4B34-4B29-BC39-1303F77C3705}.Debug|x86.Build.0 = Debug|Any CPU
		{89B213BE-4B34-4B29-BC39-1303F77C3705}.Release|Any CPU.ActiveCfg = Release|Any CPU
		{89B213BE-4B34-4B29-BC39-1303F77C3705}.Release|Any CPU.Build.0 = Release|Any CPU
		{89B213BE-4B34-4B29-BC39-1303F77C3705}.Release|x64.ActiveCfg = Release|Any CPU
		{89B213BE-4B34-4B29-BC39-1303F77C3705}.Release|x64.Build.0 = Release|Any CPU
		{89B213BE-4B34-4B29-BC39-1303F77C3705}.Release|x86.ActiveCfg = Release|Any CPU
		{89B213BE-4B34-4B29-BC39-1303F77C3705}.Release|x86.Build.0 = Release|Any CPU
		{D6CD47CB-4F91-4C70-A92F-D26EF636C5E8}.Debug|Any CPU.ActiveCfg = Debug|Any CPU
		{D6CD47CB-4F91-4C70-A92F-D26EF636C5E8}.Debug|Any CPU.Build.0 = Debug|Any CPU
		{D6CD47CB-4F91-4C70-A92F-D26EF636C5E8}.Debug|x64.ActiveCfg = Debug|Any CPU
		{D6CD47CB-4F91-4C70-A92F-D26EF636C5E8}.Debug|x64.Build.0 = Debug|Any CPU
		{D6CD47CB-4F91-4C70-A92F-D26EF636C5E8}.Debug|x86.ActiveCfg = Debug|Any CPU
		{D6CD47CB-4F91-4C70-A92F-D26EF636C5E8}.Debug|x86.Build.0 = Debug|Any CPU
		{D6CD47CB-4F91-4C70-A92F-D26EF636C5E8}.Release|Any CPU.ActiveCfg = Release|Any CPU
		{D6CD47CB-4F91-4C70-A92F-D26EF636C5E8}.Release|Any CPU.Build.0 = Release|Any CPU
		{D6CD47CB-4F91-4C70-A92F-D26EF636C5E8}.Release|x64.ActiveCfg = Release|Any CPU
		{D6CD47CB-4F91-4C70-A92F-D26EF636C5E8}.Release|x64.Build.0 = Release|Any CPU
		{D6CD47CB-4F91-4C70-A92F-D26EF636C5E8}.Release|x86.ActiveCfg = Release|Any CPU
		{D6CD47CB-4F91-4C70-A92F-D26EF636C5E8}.Release|x86.Build.0 = Release|Any CPU
		{8BB5DA4B-5B71-4993-8941-4F38D4E6C81B}.Debug|Any CPU.ActiveCfg = Debug|Any CPU
		{8BB5DA4B-5B71-4993-8941-4F38D4E6C81B}.Debug|Any CPU.Build.0 = Debug|Any CPU
		{8BB5DA4B-5B71-4993-8941-4F38D4E6C81B}.Debug|x64.ActiveCfg = Debug|x64
		{8BB5DA4B-5B71-4993-8941-4F38D4E6C81B}.Debug|x64.Build.0 = Debug|x64
		{8BB5DA4B-5B71-4993-8941-4F38D4E6C81B}.Debug|x86.ActiveCfg = Debug|x86
		{8BB5DA4B-5B71-4993-8941-4F38D4E6C81B}.Debug|x86.Build.0 = Debug|x86
		{8BB5DA4B-5B71-4993-8941-4F38D4E6C81B}.Release|Any CPU.ActiveCfg = Release|Any CPU
		{8BB5DA4B-5B71-4993-8941-4F38D4E6C81B}.Release|Any CPU.Build.0 = Release|Any CPU
		{8BB5DA4B-5B71-4993-8941-4F38D4E6C81B}.Release|x64.ActiveCfg = Release|x64
		{8BB5DA4B-5B71-4993-8941-4F38D4E6C81B}.Release|x64.Build.0 = Release|x64
		{8BB5DA4B-5B71-4993-8941-4F38D4E6C81B}.Release|x86.ActiveCfg = Release|x86
		{8BB5DA4B-5B71-4993-8941-4F38D4E6C81B}.Release|x86.Build.0 = Release|x86
		{14ECBD83-5B9F-42AB-AC46-9B08590532DF}.Debug|Any CPU.ActiveCfg = Debug|Any CPU
		{14ECBD83-5B9F-42AB-AC46-9B08590532DF}.Debug|Any CPU.Build.0 = Debug|Any CPU
		{14ECBD83-5B9F-42AB-AC46-9B08590532DF}.Debug|x64.ActiveCfg = Debug|Any CPU
		{14ECBD83-5B9F-42AB-AC46-9B08590532DF}.Debug|x64.Build.0 = Debug|Any CPU
		{14ECBD83-5B9F-42AB-AC46-9B08590532DF}.Debug|x86.ActiveCfg = Debug|Any CPU
		{14ECBD83-5B9F-42AB-AC46-9B08590532DF}.Debug|x86.Build.0 = Debug|Any CPU
		{14ECBD83-5B9F-42AB-AC46-9B08590532DF}.Release|Any CPU.ActiveCfg = Release|Any CPU
		{14ECBD83-5B9F-42AB-AC46-9B08590532DF}.Release|Any CPU.Build.0 = Release|Any CPU
		{14ECBD83-5B9F-42AB-AC46-9B08590532DF}.Release|x64.ActiveCfg = Release|Any CPU
		{14ECBD83-5B9F-42AB-AC46-9B08590532DF}.Release|x64.Build.0 = Release|Any CPU
		{14ECBD83-5B9F-42AB-AC46-9B08590532DF}.Release|x86.ActiveCfg = Release|Any CPU
		{14ECBD83-5B9F-42AB-AC46-9B08590532DF}.Release|x86.Build.0 = Release|Any CPU
		{C0153427-BCCE-4CD1-887C-47B140B9B317}.Debug|Any CPU.ActiveCfg = Debug|Any CPU
		{C0153427-BCCE-4CD1-887C-47B140B9B317}.Debug|Any CPU.Build.0 = Debug|Any CPU
		{C0153427-BCCE-4CD1-887C-47B140B9B317}.Debug|x64.ActiveCfg = Debug|Any CPU
		{C0153427-BCCE-4CD1-887C-47B140B9B317}.Debug|x64.Build.0 = Debug|Any CPU
		{C0153427-BCCE-4CD1-887C-47B140B9B317}.Debug|x86.ActiveCfg = Debug|Any CPU
		{C0153427-BCCE-4CD1-887C-47B140B9B317}.Debug|x86.Build.0 = Debug|Any CPU
		{C0153427-BCCE-4CD1-887C-47B140B9B317}.Release|Any CPU.ActiveCfg = Release|Any CPU
		{C0153427-BCCE-4CD1-887C-47B140B9B317}.Release|Any CPU.Build.0 = Release|Any CPU
		{C0153427-BCCE-4CD1-887C-47B140B9B317}.Release|x64.ActiveCfg = Release|Any CPU
		{C0153427-BCCE-4CD1-887C-47B140B9B317}.Release|x64.Build.0 = Release|Any CPU
		{C0153427-BCCE-4CD1-887C-47B140B9B317}.Release|x86.ActiveCfg = Release|Any CPU
		{C0153427-BCCE-4CD1-887C-47B140B9B317}.Release|x86.Build.0 = Release|Any CPU
		{B64D7EC8-7035-46F9-9A33-C4697AE120A4}.Debug|Any CPU.ActiveCfg = Debug|Any CPU
		{B64D7EC8-7035-46F9-9A33-C4697AE120A4}.Debug|Any CPU.Build.0 = Debug|Any CPU
		{B64D7EC8-7035-46F9-9A33-C4697AE120A4}.Debug|x64.ActiveCfg = Debug|Any CPU
		{B64D7EC8-7035-46F9-9A33-C4697AE120A4}.Debug|x64.Build.0 = Debug|Any CPU
		{B64D7EC8-7035-46F9-9A33-C4697AE120A4}.Debug|x86.ActiveCfg = Debug|Any CPU
		{B64D7EC8-7035-46F9-9A33-C4697AE120A4}.Debug|x86.Build.0 = Debug|Any CPU
		{B64D7EC8-7035-46F9-9A33-C4697AE120A4}.Release|Any CPU.ActiveCfg = Release|Any CPU
		{B64D7EC8-7035-46F9-9A33-C4697AE120A4}.Release|Any CPU.Build.0 = Release|Any CPU
		{B64D7EC8-7035-46F9-9A33-C4697AE120A4}.Release|x64.ActiveCfg = Release|Any CPU
		{B64D7EC8-7035-46F9-9A33-C4697AE120A4}.Release|x64.Build.0 = Release|Any CPU
		{B64D7EC8-7035-46F9-9A33-C4697AE120A4}.Release|x86.ActiveCfg = Release|Any CPU
		{B64D7EC8-7035-46F9-9A33-C4697AE120A4}.Release|x86.Build.0 = Release|Any CPU
		{4FAB5F76-F825-4E33-B6F0-092BC948A471}.Debug|Any CPU.ActiveCfg = Debug|Any CPU
		{4FAB5F76-F825-4E33-B6F0-092BC948A471}.Debug|Any CPU.Build.0 = Debug|Any CPU
		{4FAB5F76-F825-4E33-B6F0-092BC948A471}.Debug|x64.ActiveCfg = Debug|Any CPU
		{4FAB5F76-F825-4E33-B6F0-092BC948A471}.Debug|x64.Build.0 = Debug|Any CPU
		{4FAB5F76-F825-4E33-B6F0-092BC948A471}.Debug|x86.ActiveCfg = Debug|Any CPU
		{4FAB5F76-F825-4E33-B6F0-092BC948A471}.Debug|x86.Build.0 = Debug|Any CPU
		{4FAB5F76-F825-4E33-B6F0-092BC948A471}.Release|Any CPU.ActiveCfg = Release|Any CPU
		{4FAB5F76-F825-4E33-B6F0-092BC948A471}.Release|Any CPU.Build.0 = Release|Any CPU
		{4FAB5F76-F825-4E33-B6F0-092BC948A471}.Release|x64.ActiveCfg = Release|Any CPU
		{4FAB5F76-F825-4E33-B6F0-092BC948A471}.Release|x64.Build.0 = Release|Any CPU
		{4FAB5F76-F825-4E33-B6F0-092BC948A471}.Release|x86.ActiveCfg = Release|Any CPU
		{4FAB5F76-F825-4E33-B6F0-092BC948A471}.Release|x86.Build.0 = Release|Any CPU
	EndGlobalSection
	GlobalSection(SolutionProperties) = preSolution
		HideSolutionNode = FALSE
	EndGlobalSection
	GlobalSection(NestedProjects) = preSolution
		{0C21698B-0FC4-48E8-90FD-0DA70BFE9BB8} = {8859FD5C-6C98-41F2-B50E-20850AC16940}
		{736010D3-F72F-4C56-B8D2-2EDD1B8F3A87} = {8859FD5C-6C98-41F2-B50E-20850AC16940}
		{26C5F25F-B450-4CAF-AD8B-B8D11AE73457} = {8859FD5C-6C98-41F2-B50E-20850AC16940}
		{F1D2D743-A3E3-4B8C-B3A7-28E55607C77A} = {8859FD5C-6C98-41F2-B50E-20850AC16940}
		{E6F419F9-D6B5-4BE7-99BB-97C48C927FF3} = {8859FD5C-6C98-41F2-B50E-20850AC16940}
		{FDAA874B-2A21-46B1-9C21-78D116AE2BE7} = {8859FD5C-6C98-41F2-B50E-20850AC16940}
		{8BB5DA4B-5B71-4993-8941-4F38D4E6C81B} = {8859FD5C-6C98-41F2-B50E-20850AC16940}
		{C0153427-BCCE-4CD1-887C-47B140B9B317} = {8859FD5C-6C98-41F2-B50E-20850AC16940}
	EndGlobalSection
	GlobalSection(ExtensibilityGlobals) = postSolution
		SolutionGuid = {5449EF4C-1CEF-4BA5-9724-B9FCC63522D7}
	EndGlobalSection
EndGlobal
